# This file was autogenerated by Stack.
# You should not edit this file by hand.
# For more information, please see the documentation at:
#   https://docs.haskellstack.org/en/stable/lock_files

packages:
- completed:
    hackage: async-2.2.5@sha256:9d5d9e605f52958d099e13a8b8f30ee56cb137c9192996245e3c533adb682cf8,3280
    pantry-tree:
      sha256: 69bb0be6b21b8c73adb6345631cfdec5d6c22d3dff1041db9f5258dd04367d37
      size: 578
  original:
    hackage: async-2.2.5
- completed:
    hackage: ghc-tcplugin-api-0.11.0.0@sha256:3f753db5becff0c7336a1f9a413f2f62ba358a36cd853df133fb9e82fb089628,4641
    pantry-tree:
      sha256: 805ec3669298e1fe27e3d1ba557d6675a354d22cd837a6260fb43e0b5b4601eb
      size: 498
  original:
    hackage: ghc-tcplugin-api-0.11.0.0@sha256:3f753db5becff0c7336a1f9a413f2f62ba358a36cd853df133fb9e82fb089628
- completed:
    commit: be57bcbd7cf4783310785c7703d30cf3788c0c4b
    git: git@github.com:gshen42/HasChor.git
    name: HasChor
    pantry-tree:
      sha256: f9d09c3d8ce1092129808222252531298476fa66d330ad3a14ee71546abcd112
      size: 3365
    version: 0.1.0.1
  original:
    commit: be57bcbd7cf4783310785c7703d30cf3788c0c4b
    git: git@github.com:gshen42/HasChor.git
snapshots:
- completed:
    sha256: fb482b8e2d5d061cdda4ba1da2957c012740c893a5ee1c1b99001adae7b1fbe7
    size: 640046
    url: https://raw.githubusercontent.com/commercialhaskell/stackage-snapshots/master/lts/21/19.yaml
  original: lts-21.19
